{
  "version": 4,
  "terraform_version": "1.9.6",
  "serial": 1091,
  "lineage": "ddafee91-2339-4a02-b67c-90d6e579322d",
  "outputs": {
    "cname": {
      "value": "vprofile-dev.eba-fpgsa4gz.us-east-2.elasticbeanstalk.com",
      "type": "string"
    }
  },
  "resources": [
    {
      "mode": "managed",
      "type": "aws_key_pair",
      "name": "this",
      "provider": "provider[\"registry.terraform.io/hashicorp/aws\"]",
      "instances": [
        {
          "schema_version": 1,
          "attributes": {
            "arn": "arn:aws:ec2:us-east-2:905418464140:key-pair/ssh-pub-key",
            "fingerprint": "97:4b:44:6a:ab:4a:59:85:0f:59:1b:42:20:59:fc:1e",
            "id": "ssh-pub-key",
            "key_name": "ssh-pub-key",
            "key_name_prefix": "",
            "key_pair_id": "key-04ea836bdd8724724",
            "key_type": "rsa",
            "public_key": "ssh-rsa AAAAB3NzaC1yc2EAAAADAQABAAABgQCU/QQh9PsHht69SX5Ad2PUHzkmP9o3s+ZEYlp4M4rKs4yktanG1v4OVaESH2vXao8fVqsVDyZpn8p1amarRGf7ZO8bDZ+lcQoOr5gAjEjPKsRoRt2Y5mKCeiDC1CCThGbtSvBD1Bcp9i08RvGtZxPhCkyHLh7MIMtb2VUPSQc2yxn2LTns21wC4YTZkyQqDaa50sB3FpVs+MhxN7QHhVh7jI4GIx8cXIgyA3Krh16IOwGHI4QYO4P5elwVW7aTU2mfJVZKyVXY1ZJQHCuFLD/X4MTUPBMXYArOjKGxm95oVA3R3bo9uOsRTiJAb0LPxlkMyT+1lm9X/a4qBlXY3JwMiwpyg3J05JoUOQqU8/inFggVMu4g/IOTMx3oQLmxw/FL37p+wsvrYpYJ72Tn/kUCTJj4BNmgIWlabqNNZ5eYUdJuIIBLJo5cueQM8oL2f4ddqYu2GKT5FWDVmPwb+HG/hLPXwzokNs8KEp34mkxUeYvMPAX7tcMb0Ug6C+nVv50= apipa@host",
            "tags": {
              "Environment": "dev",
              "Project": "vprofile",
              "Resource": "pub-key"
            },
            "tags_all": {
              "Environment": "dev",
              "Project": "vprofile",
              "Resource": "pub-key"
            }
          },
          "sensitive_attributes": [],
          "private": "eyJzY2hlbWFfdmVyc2lvbiI6IjEifQ=="
        }
      ]
    },
    {
      "module": "module.beanstalk",
      "mode": "managed",
      "type": "aws_elastic_beanstalk_application",
      "name": "this",
      "provider": "provider[\"registry.terraform.io/hashicorp/aws\"]",
      "instances": [
        {
          "schema_version": 0,
          "attributes": {
            "appversion_lifecycle": [],
            "arn": "arn:aws:elasticbeanstalk:us-east-2:905418464140:application/vprofile-app",
            "description": "The vprofile application",
            "id": "vprofile-app",
            "name": "vprofile-app",
            "tags": {
              "Environment": "dev",
              "Project": "vprofile",
              "Resource": "application",
              "Service": "beanstalk"
            },
            "tags_all": {
              "Environment": "dev",
              "Project": "vprofile",
              "Resource": "application",
              "Service": "beanstalk"
            }
          },
          "sensitive_attributes": [],
          "private": "bnVsbA=="
        }
      ]
    },
    {
      "module": "module.beanstalk",
      "mode": "managed",
      "type": "aws_elastic_beanstalk_application_version",
      "name": "this",
      "provider": "provider[\"registry.terraform.io/hashicorp/aws\"]",
      "instances": [
        {
          "schema_version": 0,
          "attributes": {
            "application": "vprofile-app",
            "arn": "arn:aws:elasticbeanstalk:us-east-2:905418464140:applicationversion/vprofile-app/Sample",
            "bucket": "s3-vprofile-dev-artifcats",
            "description": "The vprofile application 0.1.0 version",
            "force_delete": false,
            "id": "Sample",
            "key": "ROOT.war",
            "name": "Sample",
            "process": false,
            "tags": {
              "Environment": "dev",
              "Project": "vprofile",
              "Resource": "application",
              "Service": "beanstalk",
              "Version": "0.1.0"
            },
            "tags_all": {
              "Environment": "dev",
              "Project": "vprofile",
              "Resource": "application",
              "Service": "beanstalk",
              "Version": "0.1.0"
            }
          },
          "sensitive_attributes": [],
          "private": "bnVsbA==",
          "dependencies": [
            "aws_key_pair.this",
            "module.beanstalk.aws_elastic_beanstalk_application.this",
            "module.beanstalk.aws_elastic_beanstalk_environment.this",
            "module.roles.aws_iam_instance_profile.this",
            "module.roles.aws_iam_role.ec2_profile",
            "module.roles.aws_iam_role.service",
            "module.roles.data.aws_iam_policy_document.ec2_profile",
            "module.roles.data.aws_iam_policy_document.service",
            "module.s3.aws_s3_bucket.this",
            "module.s3.aws_s3_object.this"
          ]
        }
      ]
    },
    {
      "module": "module.beanstalk",
      "mode": "managed",
      "type": "aws_elastic_beanstalk_environment",
      "name": "this",
      "provider": "provider[\"registry.terraform.io/hashicorp/aws\"]",
      "instances": [
        {
          "schema_version": 1,
          "attributes": {
            "all_settings": [
              {
                "name": "AccessLogsS3Bucket",
                "namespace": "aws:elbv2:loadbalancer",
                "resource": "",
                "value": ""
              },
              {
                "name": "AccessLogsS3Enabled",
                "namespace": "aws:elbv2:loadbalancer",
                "resource": "",
                "value": "false"
              },
              {
                "name": "AccessLogsS3Prefix",
                "namespace": "aws:elbv2:loadbalancer",
                "resource": "",
                "value": ""
              },
              {
                "name": "AppSource",
                "namespace": "aws:cloudformation:template:parameter",
                "resource": "",
                "value": "https://elasticbeanstalk-platform-assets-us-east-2.s3.us-east-2.amazonaws.com/stalks/eb_tomcat9corretto11_amazon_linux_2023_1.0.788.0_20240905235451/sampleapp/EBSampleApp-Tomcat.zip"
              },
              {
                "name": "Application Healthcheck URL",
                "namespace": "aws:elasticbeanstalk:application",
                "resource": "",
                "value": "/login"
              },
              {
                "name": "AssociatePublicIpAddress",
                "namespace": "aws:ec2:vpc",
                "resource": "",
                "value": "true"
              },
              {
                "name": "Automatically Terminate Unhealthy Instances",
                "namespace": "aws:elasticbeanstalk:monitoring",
                "resource": "",
                "value": "true"
              },
              {
                "name": "Availability Zones",
                "namespace": "aws:autoscaling:asg",
                "resource": "",
                "value": "Any"
              },
              {
                "name": "BatchSize",
                "namespace": "aws:elasticbeanstalk:command",
                "resource": "",
                "value": "50"
              },
              {
                "name": "BatchSizeType",
                "namespace": "aws:elasticbeanstalk:command",
                "resource": "",
                "value": "Percentage"
              },
              {
                "name": "BlockDeviceMappings",
                "namespace": "aws:autoscaling:launchconfiguration",
                "resource": "",
                "value": ""
              },
              {
                "name": "BreachDuration",
                "namespace": "aws:autoscaling:trigger",
                "resource": "",
                "value": "15"
              },
              {
                "name": "ConfigDocument",
                "namespace": "aws:elasticbeanstalk:healthreporting:system",
                "resource": "",
                "value": "{\"Version\":1,\"CloudWatchMetrics\":{\"Instance\":{\"CPUIrq\":null,\"LoadAverage5min\":null,\"ApplicationRequests5xx\":null,\"ApplicationRequests4xx\":null,\"CPUUser\":null,\"LoadAverage1min\":null,\"ApplicationLatencyP50\":null,\"CPUIdle\":null,\"InstanceHealth\":null,\"ApplicationLatencyP95\":null,\"ApplicationLatencyP85\":null,\"RootFilesystemUtil\":null,\"ApplicationLatencyP90\":null,\"CPUSystem\":null,\"ApplicationLatencyP75\":null,\"CPUSoftirq\":null,\"ApplicationLatencyP10\":null,\"ApplicationLatencyP99\":null,\"ApplicationRequestsTotal\":null,\"ApplicationLatencyP99.9\":null,\"ApplicationRequests3xx\":null,\"ApplicationRequests2xx\":null,\"CPUIowait\":null,\"CPUNice\":null},\"Environment\":{\"InstancesSevere\":null,\"InstancesDegraded\":null,\"ApplicationRequests5xx\":null,\"ApplicationRequests4xx\":null,\"ApplicationLatencyP50\":null,\"ApplicationLatencyP95\":null,\"ApplicationLatencyP85\":null,\"InstancesUnknown\":null,\"ApplicationLatencyP90\":null,\"InstancesInfo\":null,\"InstancesPending\":null,\"ApplicationLatencyP75\":null,\"ApplicationLatencyP10\":null,\"ApplicationLatencyP99\":null,\"ApplicationRequestsTotal\":null,\"InstancesNoData\":null,\"ApplicationLatencyP99.9\":null,\"ApplicationRequests3xx\":null,\"ApplicationRequests2xx\":null,\"InstancesOk\":null,\"InstancesWarning\":null}}}"
              },
              {
                "name": "Cooldown",
                "namespace": "aws:autoscaling:asg",
                "resource": "",
                "value": "180"
              },
              {
                "name": "Custom Availability Zones",
                "namespace": "aws:autoscaling:asg",
                "resource": "",
                "value": ""
              },
              {
                "name": "DefaultProcess",
                "namespace": "aws:elbv2:listener:default",
                "resource": "",
                "value": "default"
              },
              {
                "name": "DefaultSSHPort",
                "namespace": "aws:elasticbeanstalk:control",
                "resource": "",
                "value": "22"
              },
              {
                "name": "DeleteOnTerminate",
                "namespace": "aws:elasticbeanstalk:cloudwatch:logs",
                "resource": "",
                "value": "false"
              },
              {
                "name": "DeleteOnTerminate",
                "namespace": "aws:elasticbeanstalk:cloudwatch:logs:health",
                "resource": "",
                "value": "false"
              },
              {
                "name": "DeploymentPolicy",
                "namespace": "aws:elasticbeanstalk:command",
                "resource": "",
                "value": "Rolling"
              },
              {
                "name": "DeregistrationDelay",
                "namespace": "aws:elasticbeanstalk:environment:process:default",
                "resource": "",
                "value": "20"
              },
              {
                "name": "DisableIMDSv1",
                "namespace": "aws:autoscaling:launchconfiguration",
                "resource": "",
                "value": "true"
              },
              {
                "name": "EC2KeyName",
                "namespace": "aws:autoscaling:launchconfiguration",
                "resource": "",
                "value": "ssh-pub-key"
              },
              {
                "name": "ELBScheme",
                "namespace": "aws:ec2:vpc",
                "resource": "",
                "value": "public"
              },
              {
                "name": "ELBSubnets",
                "namespace": "aws:ec2:vpc",
                "resource": "",
                "value": "subnet-0f547ec10dbcaf4aa,subnet-0fee1670b989bd911"
              },
              {
                "name": "EnableCapacityRebalancing",
                "namespace": "aws:autoscaling:asg",
                "resource": "",
                "value": "false"
              },
              {
                "name": "EnableSpot",
                "namespace": "aws:ec2:instances",
                "resource": "",
                "value": "false"
              },
              {
                "name": "EnhancedHealthAuthEnabled",
                "namespace": "aws:elasticbeanstalk:healthreporting:system",
                "resource": "",
                "value": "true"
              },
              {
                "name": "EnvironmentType",
                "namespace": "aws:elasticbeanstalk:environment",
                "resource": "",
                "value": "LoadBalanced"
              },
              {
                "name": "EnvironmentVariables",
                "namespace": "aws:cloudformation:template:parameter",
                "resource": "",
                "value": "S3_BUCKET_KEY=ROOT.war,S3_BUCKET_NAME=s3-vprofile-dev-artifcats,JDBC_CONNECTION_STRING="
              },
              {
                "name": "EvaluationPeriods",
                "namespace": "aws:autoscaling:trigger",
                "resource": "",
                "value": "3"
              },
              {
                "name": "EvaluationTime",
                "namespace": "aws:elasticbeanstalk:trafficsplitting",
                "resource": "",
                "value": ""
              },
              {
                "name": "ExternalExtensionsS3Bucket",
                "namespace": "aws:elasticbeanstalk:environment",
                "resource": "",
                "value": ""
              },
              {
                "name": "ExternalExtensionsS3Key",
                "namespace": "aws:elasticbeanstalk:environment",
                "resource": "",
                "value": ""
              },
              {
                "name": "HasCoupledDatabase",
                "namespace": "aws:rds:dbinstance",
                "resource": "",
                "value": "false"
              },
              {
                "name": "HealthCheckInterval",
                "namespace": "aws:elasticbeanstalk:environment:process:default",
                "resource": "",
                "value": "15"
              },
              {
                "name": "HealthCheckPath",
                "namespace": "aws:elasticbeanstalk:environment:process:default",
                "resource": "",
                "value": "/login"
              },
              {
                "name": "HealthCheckSuccessThreshold",
                "namespace": "aws:elasticbeanstalk:healthreporting:system",
                "resource": "",
                "value": "Ok"
              },
              {
                "name": "HealthCheckTimeout",
                "namespace": "aws:elasticbeanstalk:environment:process:default",
                "resource": "",
                "value": "5"
              },
              {
                "name": "HealthStreamingEnabled",
                "namespace": "aws:elasticbeanstalk:cloudwatch:logs:health",
                "resource": "",
                "value": "false"
              },
              {
                "name": "HealthyThresholdCount",
                "namespace": "aws:elasticbeanstalk:environment:process:default",
                "resource": "",
                "value": "3"
              },
              {
                "name": "HooksPkgUrl",
                "namespace": "aws:cloudformation:template:parameter",
                "resource": "",
                "value": "https://elasticbeanstalk-platform-assets-us-east-2.s3.us-east-2.amazonaws.com/stalks/eb_tomcat9corretto11_amazon_linux_2023_1.0.788.0_20240905235451/lib/hooks.tar.gz"
              },
              {
                "name": "IamInstanceProfile",
                "namespace": "aws:autoscaling:launchconfiguration",
                "resource": "",
                "value": "aws-elasticbeanstalk-instance-profile"
              },
              {
                "name": "IdleTimeout",
                "namespace": "aws:elbv2:loadbalancer",
                "resource": "",
                "value": ""
              },
              {
                "name": "IgnoreHealthCheck",
                "namespace": "aws:elasticbeanstalk:command",
                "resource": "",
                "value": "false"
              },
              {
                "name": "ImageId",
                "namespace": "aws:autoscaling:launchconfiguration",
                "resource": "",
                "value": "ami-0e148852e85360c5d"
              },
              {
                "name": "InstancePort",
                "namespace": "aws:cloudformation:template:parameter",
                "resource": "",
                "value": "80"
              },
              {
                "name": "InstanceRefreshEnabled",
                "namespace": "aws:elasticbeanstalk:managedactions:platformupdate",
                "resource": "",
                "value": "false"
              },
              {
                "name": "InstanceType",
                "namespace": "aws:autoscaling:launchconfiguration",
                "resource": "",
                "value": "t3.micro"
              },
              {
                "name": "InstanceTypeFamily",
                "namespace": "aws:cloudformation:template:parameter",
                "resource": "",
                "value": "t3"
              },
              {
                "name": "InstanceTypes",
                "namespace": "aws:ec2:instances",
                "resource": "",
                "value": "t3.micro"
              },
              {
                "name": "JDBC_CONNECTION_STRING",
                "namespace": "aws:elasticbeanstalk:application:environment",
                "resource": "",
                "value": ""
              },
              {
                "name": "JVM Options",
                "namespace": "aws:elasticbeanstalk:container:tomcat:jvmoptions",
                "resource": "",
                "value": ""
              },
              {
                "name": "JVMOptions",
                "namespace": "aws:cloudformation:template:parameter",
                "resource": "",
                "value": "Xmx=256m,JVM Options=,Xms=256m"
              },
              {
                "name": "LaunchTemplateTagPropagationEnabled",
                "namespace": "aws:autoscaling:launchconfiguration",
                "resource": "",
                "value": ""
              },
              {
                "name": "LaunchTimeout",
                "namespace": "aws:elasticbeanstalk:control",
                "resource": "",
                "value": "0"
              },
              {
                "name": "LaunchType",
                "namespace": "aws:elasticbeanstalk:control",
                "resource": "",
                "value": "Migration"
              },
              {
                "name": "ListenerEnabled",
                "namespace": "aws:elbv2:listener:default",
                "resource": "",
                "value": "true"
              },
              {
                "name": "LoadBalancerIsShared",
                "namespace": "aws:elasticbeanstalk:environment",
                "resource": "",
                "value": "false"
              },
              {
                "name": "LoadBalancerType",
                "namespace": "aws:elasticbeanstalk:environment",
                "resource": "",
                "value": "application"
              },
              {
                "name": "LogPublicationControl",
                "namespace": "aws:elasticbeanstalk:hostmanager",
                "resource": "",
                "value": "false"
              },
              {
                "name": "LowerBreachScaleIncrement",
                "namespace": "aws:autoscaling:trigger",
                "resource": "",
                "value": "-1"
              },
              {
                "name": "LowerThreshold",
                "namespace": "aws:autoscaling:trigger",
                "resource": "",
                "value": "2000000"
              },
              {
                "name": "ManagedActionsEnabled",
                "namespace": "aws:elasticbeanstalk:managedactions",
                "resource": "",
                "value": "false"
              },
              {
                "name": "MatcherHTTPCode",
                "namespace": "aws:elasticbeanstalk:environment:process:default",
                "resource": "",
                "value": ""
              },
              {
                "name": "MaxBatchSize",
                "namespace": "aws:autoscaling:updatepolicy:rollingupdate",
                "resource": "",
                "value": "1"
              },
              {
                "name": "MaxSize",
                "namespace": "aws:autoscaling:asg",
                "resource": "",
                "value": "4"
              },
              {
                "name": "MeasureName",
                "namespace": "aws:autoscaling:trigger",
                "resource": "",
                "value": "NetworkOut"
              },
              {
                "name": "MinInstancesInService",
                "namespace": "aws:autoscaling:updatepolicy:rollingupdate",
                "resource": "",
                "value": "1"
              },
              {
                "name": "MinSize",
                "namespace": "aws:autoscaling:asg",
                "resource": "",
                "value": "2"
              },
              {
                "name": "MonitoringInterval",
                "namespace": "aws:autoscaling:launchconfiguration",
                "resource": "",
                "value": "5 minute"
              },
              {
                "name": "NewVersionPercent",
                "namespace": "aws:elasticbeanstalk:trafficsplitting",
                "resource": "",
                "value": ""
              },
              {
                "name": "Notification Endpoint",
                "namespace": "aws:elasticbeanstalk:sns:topics",
                "resource": "",
                "value": ""
              },
              {
                "name": "Notification Protocol",
                "namespace": "aws:elasticbeanstalk:sns:topics",
                "resource": "",
                "value": "email"
              },
              {
                "name": "Notification Topic ARN",
                "namespace": "aws:elasticbeanstalk:sns:topics",
                "resource": "",
                "value": "arn:aws:sns:us-east-2:905418464140:vprofile-sns-topic"
              },
              {
                "name": "Notification Topic Name",
                "namespace": "aws:elasticbeanstalk:sns:topics",
                "resource": "",
                "value": ""
              },
              {
                "name": "PauseTime",
                "namespace": "aws:autoscaling:updatepolicy:rollingupdate",
                "resource": "",
                "value": ""
              },
              {
                "name": "Period",
                "namespace": "aws:autoscaling:trigger",
                "resource": "",
                "value": "5"
              },
              {
                "name": "Port",
                "namespace": "aws:elasticbeanstalk:environment:process:default",
                "resource": "",
                "value": "80"
              },
              {
                "name": "PreferredStartTime",
                "namespace": "aws:elasticbeanstalk:managedactions",
                "resource": "",
                "value": ""
              },
              {
                "name": "Protocol",
                "namespace": "aws:elasticbeanstalk:environment:process:default",
                "resource": "",
                "value": "HTTP"
              },
              {
                "name": "Protocol",
                "namespace": "aws:elbv2:listener:default",
                "resource": "",
                "value": "HTTP"
              },
              {
                "name": "ProxyServer",
                "namespace": "aws:elasticbeanstalk:environment:proxy",
                "resource": "",
                "value": "nginx"
              },
              {
                "name": "RetentionInDays",
                "namespace": "aws:elasticbeanstalk:cloudwatch:logs",
                "resource": "",
                "value": "7"
              },
              {
                "name": "RetentionInDays",
                "namespace": "aws:elasticbeanstalk:cloudwatch:logs:health",
                "resource": "",
                "value": "7"
              },
              {
                "name": "RollbackLaunchOnFailure",
                "namespace": "aws:elasticbeanstalk:control",
                "resource": "",
                "value": "false"
              },
              {
                "name": "RollingUpdateEnabled",
                "namespace": "aws:autoscaling:updatepolicy:rollingupdate",
                "resource": "",
                "value": "true"
              },
              {
                "name": "RollingUpdateType",
                "namespace": "aws:autoscaling:updatepolicy:rollingupdate",
                "resource": "",
                "value": "Health"
              },
              {
                "name": "RootVolumeIOPS",
                "namespace": "aws:autoscaling:launchconfiguration",
                "resource": "",
                "value": ""
              },
              {
                "name": "RootVolumeSize",
                "namespace": "aws:autoscaling:launchconfiguration",
                "resource": "",
                "value": "8"
              },
              {
                "name": "RootVolumeThroughput",
                "namespace": "aws:autoscaling:launchconfiguration",
                "resource": "",
                "value": ""
              },
              {
                "name": "RootVolumeType",
                "namespace": "aws:autoscaling:launchconfiguration",
                "resource": "",
                "value": "gp2"
              },
              {
                "name": "Rules",
                "namespace": "aws:elbv2:listener:default",
                "resource": "",
                "value": ""
              },
              {
                "name": "S3_BUCKET_KEY",
                "namespace": "aws:elasticbeanstalk:application:environment",
                "resource": "",
                "value": "ROOT.war"
              },
              {
                "name": "S3_BUCKET_NAME",
                "namespace": "aws:elasticbeanstalk:application:environment",
                "resource": "",
                "value": "s3-vprofile-dev-artifcats"
              },
              {
                "name": "SSHSourceRestriction",
                "namespace": "aws:autoscaling:launchconfiguration",
                "resource": "",
                "value": "tcp,22,22,0.0.0.0/0"
              },
              {
                "name": "SSLCertificateArns",
                "namespace": "aws:elbv2:listener:default",
                "resource": "",
                "value": ""
              },
              {
                "name": "SSLPolicy",
                "namespace": "aws:elbv2:listener:default",
                "resource": "",
                "value": ""
              },
              {
                "name": "SecurityGroups",
                "namespace": "aws:autoscaling:launchconfiguration",
                "resource": "",
                "value": "sg-073b1c17cf7e80e56,sg-0bdbda1f462ed1458"
              },
              {
                "name": "SecurityGroups",
                "namespace": "aws:elbv2:loadbalancer",
                "resource": "",
                "value": ""
              },
              {
                "name": "ServiceRole",
                "namespace": "aws:elasticbeanstalk:environment",
                "resource": "",
                "value": "arn:aws:iam::905418464140:role/aws-elasticbeanstalk-service-role"
              },
              {
                "name": "ServiceRoleForManagedUpdates",
                "namespace": "aws:elasticbeanstalk:managedactions",
                "resource": "",
                "value": "arn:aws:iam::905418464140:role/aws-elasticbeanstalk-service-role"
              },
              {
                "name": "SpotFleetOnDemandAboveBasePercentage",
                "namespace": "aws:ec2:instances",
                "resource": "",
                "value": "70"
              },
              {
                "name": "SpotFleetOnDemandBase",
                "namespace": "aws:ec2:instances",
                "resource": "",
                "value": "0"
              },
              {
                "name": "SpotMaxPrice",
                "namespace": "aws:ec2:instances",
                "resource": "",
                "value": ""
              },
              {
                "name": "StaticFiles",
                "namespace": "aws:cloudformation:template:parameter",
                "resource": "",
                "value": ""
              },
              {
                "name": "Statistic",
                "namespace": "aws:autoscaling:trigger",
                "resource": "",
                "value": "Average"
              },
              {
                "name": "StickinessEnabled",
                "namespace": "aws:elasticbeanstalk:environment:process:default",
                "resource": "",
                "value": "true"
              },
              {
                "name": "StickinessLBCookieDuration",
                "namespace": "aws:elasticbeanstalk:environment:process:default",
                "resource": "",
                "value": "86400"
              },
              {
                "name": "StickinessType",
                "namespace": "aws:elasticbeanstalk:environment:process:default",
                "resource": "",
                "value": "lb_cookie"
              },
              {
                "name": "StreamLogs",
                "namespace": "aws:elasticbeanstalk:cloudwatch:logs",
                "resource": "",
                "value": "false"
              },
              {
                "name": "Subnets",
                "namespace": "aws:ec2:vpc",
                "resource": "",
                "value": "subnet-0f547ec10dbcaf4aa,subnet-0fee1670b989bd911"
              },
              {
                "name": "SupportedArchitectures",
                "namespace": "aws:ec2:instances",
                "resource": "",
                "value": "x86_64"
              },
              {
                "name": "SystemType",
                "namespace": "aws:elasticbeanstalk:healthreporting:system",
                "resource": "",
                "value": "enhanced"
              },
              {
                "name": "Timeout",
                "namespace": "aws:autoscaling:updatepolicy:rollingupdate",
                "resource": "",
                "value": "PT30M"
              },
              {
                "name": "Timeout",
                "namespace": "aws:elasticbeanstalk:command",
                "resource": "",
                "value": "60"
              },
              {
                "name": "UnhealthyThresholdCount",
                "namespace": "aws:elasticbeanstalk:environment:process:default",
                "resource": "",
                "value": "3"
              },
              {
                "name": "Unit",
                "namespace": "aws:autoscaling:trigger",
                "resource": "",
                "value": "Bytes"
              },
              {
                "name": "UpdateLevel",
                "namespace": "aws:elasticbeanstalk:managedactions:platformupdate",
                "resource": "",
                "value": ""
              },
              {
                "name": "UpperBreachScaleIncrement",
                "namespace": "aws:autoscaling:trigger",
                "resource": "",
                "value": "1"
              },
              {
                "name": "UpperThreshold",
                "namespace": "aws:autoscaling:trigger",
                "resource": "",
                "value": "6000000"
              },
              {
                "name": "VPCId",
                "namespace": "aws:ec2:vpc",
                "resource": "",
                "value": "vpc-0758dbe391411962f"
              },
              {
                "name": "XRayEnabled",
                "namespace": "aws:elasticbeanstalk:xray",
                "resource": "",
                "value": "false"
              },
              {
                "name": "Xms",
                "namespace": "aws:elasticbeanstalk:container:tomcat:jvmoptions",
                "resource": "",
                "value": "256m"
              },
              {
                "name": "Xmx",
                "namespace": "aws:elasticbeanstalk:container:tomcat:jvmoptions",
                "resource": "",
                "value": "256m"
              }
            ],
            "application": "vprofile-app",
            "arn": "arn:aws:elasticbeanstalk:us-east-2:905418464140:environment/vprofile-app/vprofile-dev",
            "autoscaling_groups": [
              "awseb-e-strjtam2ak-stack-AWSEBAutoScalingGroup-SlChC8JY3lUE"
            ],
            "cname": "vprofile-dev.eba-fpgsa4gz.us-east-2.elasticbeanstalk.com",
            "cname_prefix": "",
            "description": "The vprofile application in the dev environment",
            "endpoint_url": "awseb--AWSEB-lWXWQMr4T7xT-1023983664.us-east-2.elb.amazonaws.com",
            "id": "e-strjtam2ak",
            "instances": [
              "i-094d79223f986e5d3",
              "i-09179447ac09a00f3"
            ],
            "launch_configurations": [
              "awseb-e-strjtam2ak-stack-AWSEBAutoScalingLaunchConfiguration-5x7lBnKUHwhC"
            ],
            "load_balancers": [
              "arn:aws:elasticloadbalancing:us-east-2:905418464140:loadbalancer/app/awseb--AWSEB-lWXWQMr4T7xT/0e50b114ee8f69e4"
            ],
            "name": "vprofile-dev",
            "platform_arn": "arn:aws:elasticbeanstalk:us-east-2::platform/Tomcat 9 with Corretto 11 running on 64bit Amazon Linux 2023/5.3.2",
            "poll_interval": null,
            "queues": [],
            "setting": [
              {
                "name": "Application Healthcheck URL",
                "namespace": "aws:elasticbeanstalk:application",
                "resource": "",
                "value": "/login"
              },
              {
                "name": "AssociatePublicIpAddress",
                "namespace": "aws:ec2:vpc",
                "resource": "",
                "value": "true"
              },
              {
                "name": "BatchSize",
                "namespace": "aws:elasticbeanstalk:command",
                "resource": "",
                "value": "50"
              },
              {
                "name": "Cooldown",
                "namespace": "aws:autoscaling:asg",
                "resource": "",
                "value": "180"
              },
              {
                "name": "DeploymentPolicy",
                "namespace": "aws:elasticbeanstalk:command",
                "resource": "",
                "value": "Rolling"
              },
              {
                "name": "EC2KeyName",
                "namespace": "aws:autoscaling:launchconfiguration",
                "resource": "",
                "value": "ssh-pub-key"
              },
              {
                "name": "ELBSubnets",
                "namespace": "aws:ec2:vpc",
                "resource": "",
                "value": "subnet-0f547ec10dbcaf4aa,subnet-0fee1670b989bd911"
              },
              {
                "name": "EvaluationPeriods",
                "namespace": "aws:autoscaling:trigger",
                "resource": "",
                "value": "3"
              },
              {
                "name": "HealthCheckPath",
                "namespace": "aws:elasticbeanstalk:environment:process:default",
                "resource": "",
                "value": "/login"
              },
              {
                "name": "IamInstanceProfile",
                "namespace": "aws:autoscaling:launchconfiguration",
                "resource": "",
                "value": "arn:aws:iam::905418464140:instance-profile/aws-elasticbeanstalk-instance-profile"
              },
              {
                "name": "InstanceTypes",
                "namespace": "aws:ec2:instances",
                "resource": "",
                "value": "t3.micro"
              },
              {
                "name": "LoadBalancerType",
                "namespace": "aws:elasticbeanstalk:environment",
                "resource": "",
                "value": "application"
              },
              {
                "name": "MaxSize",
                "namespace": "aws:autoscaling:asg",
                "resource": "",
                "value": "4"
              },
              {
                "name": "MinInstancesInService",
                "namespace": "aws:autoscaling:updatepolicy:rollingupdate",
                "resource": "",
                "value": "1"
              },
              {
                "name": "MinSize",
                "namespace": "aws:autoscaling:asg",
                "resource": "",
                "value": "2"
              },
              {
                "name": "Notification Topic ARN",
                "namespace": "aws:elasticbeanstalk:sns:topics",
                "resource": "",
                "value": "\"arn:aws:sns:us-east-2:905418464140:vprofile-sns-topic\""
              },
              {
                "name": "RollingUpdateEnabled",
                "namespace": "aws:autoscaling:updatepolicy:rollingupdate",
                "resource": "",
                "value": "true"
              },
              {
                "name": "RollingUpdateType",
                "namespace": "aws:autoscaling:updatepolicy:rollingupdate",
                "resource": "",
                "value": "Health"
              },
              {
                "name": "RootVolumeSize",
                "namespace": "aws:autoscaling:launchconfiguration",
                "resource": "",
                "value": "8"
              },
              {
                "name": "RootVolumeType",
                "namespace": "aws:autoscaling:launchconfiguration",
                "resource": "",
                "value": "gp2"
              },
              {
                "name": "S3_BUCKET_KEY",
                "namespace": "aws:elasticbeanstalk:application:environment",
                "resource": "",
                "value": "ROOT.war"
              },
              {
                "name": "S3_BUCKET_NAME",
                "namespace": "aws:elasticbeanstalk:application:environment",
                "resource": "",
                "value": "s3-vprofile-dev-artifcats"
              },
              {
                "name": "SecurityGroups",
                "namespace": "aws:autoscaling:launchconfiguration",
                "resource": "",
                "value": "sg-0bdbda1f462ed1458,sg-073b1c17cf7e80e56"
              },
              {
                "name": "SecurityGroups",
                "namespace": "aws:elb:loadbalancer",
                "resource": "",
                "value": ""
              },
              {
                "name": "ServiceRole",
                "namespace": "aws:elasticbeanstalk:environment",
                "resource": "",
                "value": "arn:aws:iam::905418464140:role/aws-elasticbeanstalk-service-role"
              },
              {
                "name": "StickinessEnabled",
                "namespace": "aws:elasticbeanstalk:environment:process:default",
                "resource": "",
                "value": "true"
              },
              {
                "name": "Subnets",
                "namespace": "aws:ec2:vpc",
                "resource": "",
                "value": "subnet-0f547ec10dbcaf4aa,subnet-0fee1670b989bd911"
              },
              {
                "name": "SupportedArchitectures",
                "namespace": "aws:ec2:instances",
                "resource": "",
                "value": "x86_64"
              },
              {
                "name": "SystemType",
                "namespace": "aws:elasticbeanstalk:healthreporting:system",
                "resource": "",
                "value": "enhanced"
              },
              {
                "name": "Timeout",
                "namespace": "aws:elasticbeanstalk:command",
                "resource": "",
                "value": "60"
              },
              {
                "name": "UnhealthyThreshold",
                "namespace": "aws:elb:healthcheck",
                "resource": "",
                "value": "3"
              },
              {
                "name": "UnhealthyThresholdCount",
                "namespace": "aws:elasticbeanstalk:environment:process:default",
                "resource": "",
                "value": "3"
              },
              {
                "name": "VPCId",
                "namespace": "aws:ec2:vpc",
                "resource": "",
                "value": "\"vpc-0758dbe391411962f\""
              }
            ],
            "solution_stack_name": "64bit Amazon Linux 2023 v5.3.2 running Tomcat 9 Corretto 11",
            "tags": {
              "Environment": "dev",
              "Project": "vprofile",
              "Resource": "environment",
              "Service": "beanstalk"
            },
            "tags_all": {
              "Environment": "dev",
              "Project": "vprofile",
              "Resource": "environment",
              "Service": "beanstalk"
            },
            "template_name": null,
            "tier": "WebServer",
            "triggers": [],
            "version_label": "",
            "wait_for_ready_timeout": "20m"
          },
          "sensitive_attributes": [],
          "private": "eyJzY2hlbWFfdmVyc2lvbiI6IjEifQ==",
          "dependencies": [
            "aws_key_pair.this",
            "module.beanstalk.aws_elastic_beanstalk_application.this",
            "module.roles.aws_iam_instance_profile.this",
            "module.roles.aws_iam_role.ec2_profile",
            "module.roles.aws_iam_role.service",
            "module.roles.data.aws_iam_policy_document.ec2_profile",
            "module.roles.data.aws_iam_policy_document.service",
            "module.s3.aws_s3_bucket.this",
            "module.s3.aws_s3_object.this"
          ]
        }
      ]
    },
    {
      "module": "module.roles",
      "mode": "data",
      "type": "aws_iam_policy_document",
      "name": "ec2_profile",
      "provider": "provider[\"registry.terraform.io/hashicorp/aws\"]",
      "instances": [
        {
          "schema_version": 0,
          "attributes": {
            "id": "2851119427",
            "json": "{\n  \"Version\": \"2012-10-17\",\n  \"Statement\": [\n    {\n      \"Effect\": \"Allow\",\n      \"Action\": \"sts:AssumeRole\",\n      \"Principal\": {\n        \"Service\": \"ec2.amazonaws.com\"\n      }\n    }\n  ]\n}",
            "minified_json": "{\"Version\":\"2012-10-17\",\"Statement\":[{\"Effect\":\"Allow\",\"Action\":\"sts:AssumeRole\",\"Principal\":{\"Service\":\"ec2.amazonaws.com\"}}]}",
            "override_json": null,
            "override_policy_documents": null,
            "policy_id": null,
            "source_json": null,
            "source_policy_documents": null,
            "statement": [
              {
                "actions": [
                  "sts:AssumeRole"
                ],
                "condition": [],
                "effect": "Allow",
                "not_actions": [],
                "not_principals": [],
                "not_resources": [],
                "principals": [
                  {
                    "identifiers": [
                      "ec2.amazonaws.com"
                    ],
                    "type": "Service"
                  }
                ],
                "resources": [],
                "sid": ""
              }
            ],
            "version": "2012-10-17"
          },
          "sensitive_attributes": []
        }
      ]
    },
    {
      "module": "module.roles",
      "mode": "data",
      "type": "aws_iam_policy_document",
      "name": "service",
      "provider": "provider[\"registry.terraform.io/hashicorp/aws\"]",
      "instances": [
        {
          "schema_version": 0,
          "attributes": {
            "id": "2970054628",
            "json": "{\n  \"Version\": \"2012-10-17\",\n  \"Statement\": [\n    {\n      \"Effect\": \"Allow\",\n      \"Action\": \"sts:AssumeRole\",\n      \"Principal\": {\n        \"Service\": \"elasticbeanstalk.amazonaws.com\"\n      }\n    }\n  ]\n}",
            "minified_json": "{\"Version\":\"2012-10-17\",\"Statement\":[{\"Effect\":\"Allow\",\"Action\":\"sts:AssumeRole\",\"Principal\":{\"Service\":\"elasticbeanstalk.amazonaws.com\"}}]}",
            "override_json": null,
            "override_policy_documents": null,
            "policy_id": null,
            "source_json": null,
            "source_policy_documents": null,
            "statement": [
              {
                "actions": [
                  "sts:AssumeRole"
                ],
                "condition": [],
                "effect": "Allow",
                "not_actions": [],
                "not_principals": [],
                "not_resources": [],
                "principals": [
                  {
                    "identifiers": [
                      "elasticbeanstalk.amazonaws.com"
                    ],
                    "type": "Service"
                  }
                ],
                "resources": [],
                "sid": ""
              }
            ],
            "version": "2012-10-17"
          },
          "sensitive_attributes": []
        }
      ]
    },
    {
      "module": "module.roles",
      "mode": "managed",
      "type": "aws_iam_instance_profile",
      "name": "this",
      "provider": "provider[\"registry.terraform.io/hashicorp/aws\"]",
      "instances": [
        {
          "schema_version": 0,
          "attributes": {
            "arn": "arn:aws:iam::905418464140:instance-profile/aws-elasticbeanstalk-instance-profile",
            "create_date": "2024-09-20T14:41:09Z",
            "id": "aws-elasticbeanstalk-instance-profile",
            "name": "aws-elasticbeanstalk-instance-profile",
            "name_prefix": "",
            "path": "/",
            "role": "aws-ec2-instance-profile",
            "tags": {
              "Environment": "dev",
              "Project": "vprofile",
              "Resource": "ec2-instance-profile",
              "Service": "iam-role"
            },
            "tags_all": {
              "Environment": "dev",
              "Project": "vprofile",
              "Resource": "ec2-instance-profile",
              "Service": "iam-role"
            },
            "unique_id": "AIPA5FTZFLOGHZGYHFSWZ"
          },
          "sensitive_attributes": [],
          "private": "bnVsbA==",
          "dependencies": [
            "module.roles.aws_iam_role.ec2_profile",
            "module.roles.data.aws_iam_policy_document.ec2_profile"
          ]
        }
      ]
    },
    {
      "module": "module.roles",
      "mode": "managed",
      "type": "aws_iam_role",
      "name": "ec2_profile",
      "provider": "provider[\"registry.terraform.io/hashicorp/aws\"]",
      "instances": [
        {
          "schema_version": 0,
          "attributes": {
            "arn": "arn:aws:iam::905418464140:role/aws-ec2-instance-profile",
            "assume_role_policy": "{\"Statement\":[{\"Action\":\"sts:AssumeRole\",\"Effect\":\"Allow\",\"Principal\":{\"Service\":\"ec2.amazonaws.com\"}}],\"Version\":\"2012-10-17\"}",
            "create_date": "2024-09-20T14:41:08Z",
            "description": "The IAM role to attach to an EC2 instance",
            "force_detach_policies": false,
            "id": "aws-ec2-instance-profile",
            "inline_policy": [],
            "managed_policy_arns": [],
            "max_session_duration": 3600,
            "name": "aws-ec2-instance-profile",
            "name_prefix": "",
            "path": "/",
            "permissions_boundary": "",
            "tags": {
              "Environment": "dev",
              "Project": "vprofile",
              "Resource": "ec2-role",
              "Service": "iam-role"
            },
            "tags_all": {
              "Environment": "dev",
              "Project": "vprofile",
              "Resource": "ec2-role",
              "Service": "iam-role"
            },
            "unique_id": "AROA5FTZFLOGJE4TOLXBF"
          },
          "sensitive_attributes": [],
          "private": "bnVsbA==",
          "dependencies": [
            "module.roles.data.aws_iam_policy_document.ec2_profile"
          ]
        }
      ]
    },
    {
      "module": "module.roles",
      "mode": "managed",
      "type": "aws_iam_role",
      "name": "service",
      "provider": "provider[\"registry.terraform.io/hashicorp/aws\"]",
      "instances": [
        {
          "schema_version": 0,
          "attributes": {
            "arn": "arn:aws:iam::905418464140:role/aws-elasticbeanstalk-service-role",
            "assume_role_policy": "{\"Statement\":[{\"Action\":\"sts:AssumeRole\",\"Effect\":\"Allow\",\"Principal\":{\"Service\":\"elasticbeanstalk.amazonaws.com\"}}],\"Version\":\"2012-10-17\"}",
            "create_date": "2024-09-20T14:41:08Z",
            "description": "The elasticbeanstalk role to associate with",
            "force_detach_policies": false,
            "id": "aws-elasticbeanstalk-service-role",
            "inline_policy": [],
            "managed_policy_arns": [],
            "max_session_duration": 3600,
            "name": "aws-elasticbeanstalk-service-role",
            "name_prefix": "",
            "path": "/",
            "permissions_boundary": "",
            "tags": {
              "Environment": "dev",
              "Project": "vprofile",
              "Resource": "beanstalk-service",
              "Service": "iam-role"
            },
            "tags_all": {
              "Environment": "dev",
              "Project": "vprofile",
              "Resource": "beanstalk-service",
              "Service": "iam-role"
            },
            "unique_id": "AROA5FTZFLOGOHTUP2U4K"
          },
          "sensitive_attributes": [],
          "private": "bnVsbA==",
          "dependencies": [
            "module.roles.data.aws_iam_policy_document.service"
          ]
        }
      ]
    },
    {
      "module": "module.roles",
      "mode": "managed",
      "type": "aws_iam_role_policy_attachment",
      "name": "ec2_profile",
      "provider": "provider[\"registry.terraform.io/hashicorp/aws\"]",
      "instances": [
        {
          "index_key": "arn:aws:iam::aws:policy/AWSElasticBeanstalkCustomPlatformforEC2Role",
          "schema_version": 0,
          "attributes": {
            "id": "aws-ec2-instance-profile-20240920144109707200000003",
            "policy_arn": "arn:aws:iam::aws:policy/AWSElasticBeanstalkCustomPlatformforEC2Role",
            "role": "aws-ec2-instance-profile"
          },
          "sensitive_attributes": [],
          "private": "bnVsbA==",
          "dependencies": [
            "module.roles.aws_iam_role.ec2_profile",
            "module.roles.data.aws_iam_policy_document.ec2_profile"
          ]
        },
        {
          "index_key": "arn:aws:iam::aws:policy/AWSElasticBeanstalkWebTier",
          "schema_version": 0,
          "attributes": {
            "id": "aws-ec2-instance-profile-20240920144109806700000004",
            "policy_arn": "arn:aws:iam::aws:policy/AWSElasticBeanstalkWebTier",
            "role": "aws-ec2-instance-profile"
          },
          "sensitive_attributes": [],
          "private": "bnVsbA==",
          "dependencies": [
            "module.roles.aws_iam_role.ec2_profile",
            "module.roles.data.aws_iam_policy_document.ec2_profile"
          ]
        },
        {
          "index_key": "arn:aws:iam::aws:policy/AdministratorAccess-AWSElasticBeanstalk",
          "schema_version": 0,
          "attributes": {
            "id": "aws-ec2-instance-profile-20240920144109447800000001",
            "policy_arn": "arn:aws:iam::aws:policy/AdministratorAccess-AWSElasticBeanstalk",
            "role": "aws-ec2-instance-profile"
          },
          "sensitive_attributes": [],
          "private": "bnVsbA==",
          "dependencies": [
            "module.roles.aws_iam_role.ec2_profile",
            "module.roles.data.aws_iam_policy_document.ec2_profile"
          ]
        },
        {
          "index_key": "arn:aws:iam::aws:policy/service-role/AWSElasticBeanstalkRoleSNS",
          "schema_version": 0,
          "attributes": {
            "id": "aws-ec2-instance-profile-20240920144109484500000002",
            "policy_arn": "arn:aws:iam::aws:policy/service-role/AWSElasticBeanstalkRoleSNS",
            "role": "aws-ec2-instance-profile"
          },
          "sensitive_attributes": [],
          "private": "bnVsbA==",
          "dependencies": [
            "module.roles.aws_iam_role.ec2_profile",
            "module.roles.data.aws_iam_policy_document.ec2_profile"
          ]
        }
      ]
    },
    {
      "module": "module.roles",
      "mode": "managed",
      "type": "aws_iam_role_policy_attachment",
      "name": "service",
      "provider": "provider[\"registry.terraform.io/hashicorp/aws\"]",
      "instances": [
        {
          "index_key": "arn:aws:iam::aws:policy/AWSElasticBeanstalkManagedUpdatesCustomerRolePolicy",
          "schema_version": 0,
          "attributes": {
            "id": "aws-elasticbeanstalk-service-role-20240920144109848500000005",
            "policy_arn": "arn:aws:iam::aws:policy/AWSElasticBeanstalkManagedUpdatesCustomerRolePolicy",
            "role": "aws-elasticbeanstalk-service-role"
          },
          "sensitive_attributes": [],
          "private": "bnVsbA==",
          "dependencies": [
            "module.roles.aws_iam_role.service",
            "module.roles.data.aws_iam_policy_document.service"
          ]
        },
        {
          "index_key": "arn:aws:iam::aws:policy/service-role/AWSElasticBeanstalkEnhancedHealth",
          "schema_version": 0,
          "attributes": {
            "id": "aws-elasticbeanstalk-service-role-20240920144109848800000006",
            "policy_arn": "arn:aws:iam::aws:policy/service-role/AWSElasticBeanstalkEnhancedHealth",
            "role": "aws-elasticbeanstalk-service-role"
          },
          "sensitive_attributes": [],
          "private": "bnVsbA==",
          "dependencies": [
            "module.roles.aws_iam_role.service",
            "module.roles.data.aws_iam_policy_document.service"
          ]
        }
      ]
    },
    {
      "module": "module.s3",
      "mode": "data",
      "type": "aws_caller_identity",
      "name": "this",
      "provider": "provider[\"registry.terraform.io/hashicorp/aws\"]",
      "instances": [
        {
          "schema_version": 0,
          "attributes": {
            "account_id": "905418464140",
            "arn": "arn:aws:iam::905418464140:user/terraform",
            "id": "905418464140",
            "user_id": "AIDA5FTZFLOGEUWZ2GTEN"
          },
          "sensitive_attributes": []
        }
      ]
    },
    {
      "module": "module.s3",
      "mode": "data",
      "type": "aws_iam_policy_document",
      "name": "this",
      "provider": "provider[\"registry.terraform.io/hashicorp/aws\"]",
      "instances": [
        {
          "schema_version": 0,
          "attributes": {
            "id": "2487624568",
            "json": "{\n  \"Version\": \"2012-10-17\",\n  \"Statement\": [\n    {\n      \"Effect\": \"Deny\",\n      \"Action\": [\n        \"s3:RestoreObject\",\n        \"s3:PutObject\",\n        \"s3:DeleteObject\"\n      ],\n      \"Resource\": [\n        \"arn:aws:s3:::s3-vprofile-dev-artifcats/*\",\n        \"arn:aws:s3:::s3-vprofile-dev-artifcats\"\n      ],\n      \"NotPrincipal\": {\n        \"AWS\": \"arn:aws:iam::905418464140:user/terraform\"\n      }\n    },\n    {\n      \"Effect\": \"Allow\",\n      \"Action\": [\n        \"s3:ListBucketVersions\",\n        \"s3:ListBucket\",\n        \"s3:GetObjectVersion\",\n        \"s3:GetObject\"\n      ],\n      \"Resource\": [\n        \"arn:aws:s3:::s3-vprofile-dev-artifcats/*\",\n        \"arn:aws:s3:::s3-vprofile-dev-artifcats\"\n      ],\n      \"Principal\": {\n        \"AWS\": \"*\"\n      }\n    }\n  ]\n}",
            "minified_json": "{\"Version\":\"2012-10-17\",\"Statement\":[{\"Effect\":\"Deny\",\"Action\":[\"s3:RestoreObject\",\"s3:PutObject\",\"s3:DeleteObject\"],\"Resource\":[\"arn:aws:s3:::s3-vprofile-dev-artifcats/*\",\"arn:aws:s3:::s3-vprofile-dev-artifcats\"],\"NotPrincipal\":{\"AWS\":\"arn:aws:iam::905418464140:user/terraform\"}},{\"Effect\":\"Allow\",\"Action\":[\"s3:ListBucketVersions\",\"s3:ListBucket\",\"s3:GetObjectVersion\",\"s3:GetObject\"],\"Resource\":[\"arn:aws:s3:::s3-vprofile-dev-artifcats/*\",\"arn:aws:s3:::s3-vprofile-dev-artifcats\"],\"Principal\":{\"AWS\":\"*\"}}]}",
            "override_json": null,
            "override_policy_documents": null,
            "policy_id": null,
            "source_json": null,
            "source_policy_documents": null,
            "statement": [
              {
                "actions": [
                  "s3:DeleteObject",
                  "s3:PutObject",
                  "s3:RestoreObject"
                ],
                "condition": [],
                "effect": "Deny",
                "not_actions": [],
                "not_principals": [
                  {
                    "identifiers": [
                      "arn:aws:iam::905418464140:user/terraform"
                    ],
                    "type": "AWS"
                  }
                ],
                "not_resources": [],
                "principals": [],
                "resources": [
                  "arn:aws:s3:::s3-vprofile-dev-artifcats",
                  "arn:aws:s3:::s3-vprofile-dev-artifcats/*"
                ],
                "sid": ""
              },
              {
                "actions": [
                  "s3:GetObject",
                  "s3:GetObjectVersion",
                  "s3:ListBucket",
                  "s3:ListBucketVersions"
                ],
                "condition": [],
                "effect": "Allow",
                "not_actions": [],
                "not_principals": [],
                "not_resources": [],
                "principals": [
                  {
                    "identifiers": [
                      "*"
                    ],
                    "type": "AWS"
                  }
                ],
                "resources": [
                  "arn:aws:s3:::s3-vprofile-dev-artifcats",
                  "arn:aws:s3:::s3-vprofile-dev-artifcats/*"
                ],
                "sid": ""
              }
            ],
            "version": "2012-10-17"
          },
          "sensitive_attributes": []
        }
      ]
    },
    {
      "module": "module.s3",
      "mode": "managed",
      "type": "aws_s3_bucket",
      "name": "this",
      "provider": "provider[\"registry.terraform.io/hashicorp/aws\"]",
      "instances": [
        {
          "schema_version": 0,
          "attributes": {
            "acceleration_status": "",
            "acl": null,
            "arn": "arn:aws:s3:::s3-vprofile-dev-artifcats",
            "bucket": "s3-vprofile-dev-artifcats",
            "bucket_domain_name": "s3-vprofile-dev-artifcats.s3.amazonaws.com",
            "bucket_prefix": "",
            "bucket_regional_domain_name": "s3-vprofile-dev-artifcats.s3.us-east-2.amazonaws.com",
            "cors_rule": [],
            "force_destroy": false,
            "grant": [
              {
                "id": "e46c318fca59ba0981e0fb87290abcc9b3736f42f0417cea88239d79fd387852",
                "permissions": [
                  "FULL_CONTROL"
                ],
                "type": "CanonicalUser",
                "uri": ""
              }
            ],
            "hosted_zone_id": "Z2O1EMRO9K5GLX",
            "id": "s3-vprofile-dev-artifcats",
            "lifecycle_rule": [],
            "logging": [],
            "object_lock_configuration": [],
            "object_lock_enabled": false,
            "policy": "",
            "region": "us-east-2",
            "replication_configuration": [],
            "request_payer": "BucketOwner",
            "server_side_encryption_configuration": [
              {
                "rule": [
                  {
                    "apply_server_side_encryption_by_default": [
                      {
                        "kms_master_key_id": "",
                        "sse_algorithm": "AES256"
                      }
                    ],
                    "bucket_key_enabled": false
                  }
                ]
              }
            ],
            "tags": {
              "Environment": "dev",
              "Project": "vprofile",
              "Resource": "bucket",
              "Service": "s3-bucket"
            },
            "tags_all": {
              "Environment": "dev",
              "Project": "vprofile",
              "Resource": "bucket",
              "Service": "s3-bucket"
            },
            "timeouts": null,
            "versioning": [
              {
                "enabled": false,
                "mfa_delete": false
              }
            ],
            "website": [],
            "website_domain": null,
            "website_endpoint": null
          },
          "sensitive_attributes": [],
          "private": "eyJlMmJmYjczMC1lY2FhLTExZTYtOGY4OC0zNDM2M2JjN2M0YzAiOnsiY3JlYXRlIjoxMjAwMDAwMDAwMDAwLCJkZWxldGUiOjM2MDAwMDAwMDAwMDAsInJlYWQiOjEyMDAwMDAwMDAwMDAsInVwZGF0ZSI6MTIwMDAwMDAwMDAwMH19"
        }
      ]
    },
    {
      "module": "module.s3",
      "mode": "managed",
      "type": "aws_s3_bucket_policy",
      "name": "this",
      "provider": "provider[\"registry.terraform.io/hashicorp/aws\"]",
      "instances": [
        {
          "schema_version": 0,
          "attributes": {
            "bucket": "s3-vprofile-dev-artifcats",
            "id": "s3-vprofile-dev-artifcats",
            "policy": "{\"Statement\":[{\"Action\":[\"s3:RestoreObject\",\"s3:PutObject\",\"s3:DeleteObject\"],\"Effect\":\"Deny\",\"NotPrincipal\":{\"AWS\":\"arn:aws:iam::905418464140:user/terraform\"},\"Resource\":[\"arn:aws:s3:::s3-vprofile-dev-artifcats/*\",\"arn:aws:s3:::s3-vprofile-dev-artifcats\"]},{\"Action\":[\"s3:ListBucketVersions\",\"s3:ListBucket\",\"s3:GetObjectVersion\",\"s3:GetObject\"],\"Effect\":\"Allow\",\"Principal\":{\"AWS\":\"*\"},\"Resource\":[\"arn:aws:s3:::s3-vprofile-dev-artifcats/*\",\"arn:aws:s3:::s3-vprofile-dev-artifcats\"]}],\"Version\":\"2012-10-17\"}"
          },
          "sensitive_attributes": [],
          "private": "bnVsbA==",
          "dependencies": [
            "module.s3.aws_s3_bucket.this",
            "module.s3.aws_s3_bucket_public_access_block.this",
            "module.s3.data.aws_iam_policy_document.this"
          ]
        }
      ]
    },
    {
      "module": "module.s3",
      "mode": "managed",
      "type": "aws_s3_bucket_public_access_block",
      "name": "this",
      "provider": "provider[\"registry.terraform.io/hashicorp/aws\"]",
      "instances": [
        {
          "schema_version": 0,
          "attributes": {
            "block_public_acls": false,
            "block_public_policy": false,
            "bucket": "s3-vprofile-dev-artifcats",
            "id": "s3-vprofile-dev-artifcats",
            "ignore_public_acls": false,
            "restrict_public_buckets": false
          },
          "sensitive_attributes": [],
          "private": "bnVsbA==",
          "dependencies": [
            "module.s3.aws_s3_bucket.this"
          ]
        }
      ]
    },
    {
      "module": "module.s3",
      "mode": "managed",
      "type": "aws_s3_object",
      "name": "this",
      "provider": "provider[\"registry.terraform.io/hashicorp/aws\"]",
      "instances": [
        {
          "schema_version": 0,
          "attributes": {
            "acl": "private",
            "arn": "arn:aws:s3:::s3-vprofile-dev-artifcats/ROOT.war",
            "bucket": "s3-vprofile-dev-artifcats",
            "bucket_key_enabled": false,
            "cache_control": "",
            "checksum_algorithm": "SHA256",
            "checksum_crc32": "",
            "checksum_crc32c": "",
            "checksum_sha1": "",
            "checksum_sha256": "ireowa627ERdsOdlFREw1ZZzlwaZo2cwBA/q66zp9sc=-11",
            "content": null,
            "content_base64": null,
            "content_disposition": "vprofile-artifact",
            "content_encoding": "",
            "content_language": "",
            "content_type": "binary/octet-stream",
            "etag": "6585bdc02f5bd9786a0d5a6fd8fd9a88-11",
            "force_destroy": false,
            "id": "ROOT.war",
            "key": "ROOT.war",
            "kms_key_id": null,
            "metadata": null,
            "object_lock_legal_hold_status": "",
            "object_lock_mode": "",
            "object_lock_retain_until_date": "",
            "override_provider": [],
            "server_side_encryption": "AES256",
            "source": "modules/s3/resources/ROOT.war",
            "source_hash": "5be9fe93ce68df78253d37558497b36c03ba854e7b4f321b36e95694775bcf7b",
            "storage_class": "STANDARD",
            "tags": {
              "Environment": "dev",
              "Project": "vprofile",
              "Resource": "object",
              "Service": "s3-bucket"
            },
            "tags_all": {
              "Environment": "dev",
              "Project": "vprofile",
              "Resource": "object",
              "Service": "s3-bucket"
            },
            "version_id": "",
            "website_redirect": ""
          },
          "sensitive_attributes": [],
          "private": "bnVsbA==",
          "dependencies": [
            "module.s3.aws_s3_bucket.this"
          ]
        }
      ]
    }
  ],
  "check_results": [
    {
      "object_kind": "var",
      "config_addr": "module.beanstalk.var.tier",
      "status": "pass",
      "objects": [
        {
          "object_addr": "module.beanstalk.var.tier",
          "status": "pass"
        }
      ]
    }
  ]
}
