{
  "version": 4,
  "terraform_version": "1.9.6",
  "serial": 2782,
  "lineage": "6ae8b742-dbac-c5c6-8b09-bf8a7e37dfac",
  "outputs": {},
  "resources": [
    {
      "module": "module.mc",
      "mode": "managed",
      "type": "aws_elasticache_parameter_group",
      "name": "this",
      "provider": "provider[\"registry.terraform.io/hashicorp/aws\"]",
      "instances": [
        {
          "schema_version": 0,
          "attributes": {
            "arn": "arn:aws:elasticache:us-east-2:905418464140:parametergroup:vprofile-dev-memcached-pg",
            "description": "Parameter group for the vprofile-dev-memcached-cluster elasicache instance",
            "family": "memcached1.6",
            "id": "vprofile-dev-memcached-pg",
            "name": "vprofile-dev-memcached-pg",
            "parameter": [],
            "tags": {
              "Environment": "dev",
              "Project": "vprofile",
              "Resource": "ecache-param-gr",
              "Service": "elasticache"
            },
            "tags_all": {
              "Environment": "dev",
              "Project": "vprofile",
              "Resource": "ecache-param-gr",
              "Service": "elasticache"
            }
          },
          "sensitive_attributes": [],
          "private": "bnVsbA=="
        }
      ]
    },
    {
      "module": "module.mc",
      "mode": "managed",
      "type": "aws_elasticache_subnet_group",
      "name": "this",
      "provider": "provider[\"registry.terraform.io/hashicorp/aws\"]",
      "instances": [
        {
          "schema_version": 0,
          "attributes": {
            "arn": "arn:aws:elasticache:us-east-2:905418464140:subnetgroup:vprofile-dev-memcached-sub-gr",
            "description": "The subnet group for the memcached instance",
            "id": "vprofile-dev-memcached-sub-gr",
            "name": "vprofile-dev-memcached-sub-gr",
            "subnet_ids": [
              "subnet-01fe038599ceaa0b5",
              "subnet-0470594f941a7b73e",
              "subnet-097c7de8015f025c5",
              "subnet-0b118ad8ffa9c39bf"
            ],
            "tags": {
              "Environment": "dev",
              "Project": "vprofile",
              "Resource": "elasticache-sub-gr",
              "Service": "elasticache"
            },
            "tags_all": {
              "Environment": "dev",
              "Project": "vprofile",
              "Resource": "elasticache-sub-gr",
              "Service": "elasticache"
            },
            "vpc_id": "vpc-07fa381b225302f77"
          },
          "sensitive_attributes": [],
          "private": "bnVsbA==",
          "dependencies": [
            "module.vpc.data.aws_availability_zones.this",
            "module.vpc.module.vpc.aws_subnet.public",
            "module.vpc.module.vpc.aws_vpc.this",
            "module.vpc.module.vpc.aws_vpc_ipv4_cidr_block_association.this"
          ]
        }
      ]
    },
    {
      "module": "module.vpc",
      "mode": "data",
      "type": "aws_availability_zones",
      "name": "this",
      "provider": "provider[\"registry.terraform.io/hashicorp/aws\"]",
      "instances": [
        {
          "schema_version": 0,
          "attributes": {
            "all_availability_zones": null,
            "exclude_names": null,
            "exclude_zone_ids": null,
            "filter": null,
            "group_names": [
              "us-east-2"
            ],
            "id": "us-east-2",
            "names": [
              "us-east-2a",
              "us-east-2b",
              "us-east-2c"
            ],
            "state": "available",
            "timeouts": null,
            "zone_ids": [
              "use2-az1",
              "use2-az2",
              "use2-az3"
            ]
          },
          "sensitive_attributes": []
        }
      ]
    },
    {
      "module": "module.vpc.module.vpc",
      "mode": "managed",
      "type": "aws_subnet",
      "name": "public",
      "provider": "provider[\"registry.terraform.io/hashicorp/aws\"]",
      "instances": [
        {
          "index_key": 0,
          "schema_version": 1,
          "attributes": {
            "arn": "arn:aws:ec2:us-east-2:905418464140:subnet/subnet-097c7de8015f025c5",
            "assign_ipv6_address_on_creation": false,
            "availability_zone": "us-east-2a",
            "availability_zone_id": "use2-az1",
            "cidr_block": "172.16.0.0/19",
            "customer_owned_ipv4_pool": "",
            "enable_dns64": false,
            "enable_lni_at_device_index": 0,
            "enable_resource_name_dns_a_record_on_launch": false,
            "enable_resource_name_dns_aaaa_record_on_launch": false,
            "id": "subnet-097c7de8015f025c5",
            "ipv6_cidr_block": "",
            "ipv6_cidr_block_association_id": "",
            "ipv6_native": false,
            "map_customer_owned_ip_on_launch": false,
            "map_public_ip_on_launch": false,
            "outpost_arn": "",
            "owner_id": "905418464140",
            "private_dns_hostname_type_on_launch": "ip-name",
            "tags": {
              "Environment": "dev",
              "Name": "vprofile-dev-vpc-public-us-east-2a",
              "Project": "vprofile",
              "Resource": "private-subnet",
              "Service": "vpc"
            },
            "tags_all": {
              "Environment": "dev",
              "Name": "vprofile-dev-vpc-public-us-east-2a",
              "Project": "vprofile",
              "Resource": "private-subnet",
              "Service": "vpc"
            },
            "timeouts": null,
            "vpc_id": "vpc-07fa381b225302f77"
          },
          "sensitive_attributes": [],
          "private": "eyJlMmJmYjczMC1lY2FhLTExZTYtOGY4OC0zNDM2M2JjN2M0YzAiOnsiY3JlYXRlIjo2MDAwMDAwMDAwMDAsImRlbGV0ZSI6MTIwMDAwMDAwMDAwMH0sInNjaGVtYV92ZXJzaW9uIjoiMSJ9",
          "dependencies": [
            "module.vpc.data.aws_availability_zones.this",
            "module.vpc.module.vpc.aws_vpc.this",
            "module.vpc.module.vpc.aws_vpc_ipv4_cidr_block_association.this"
          ]
        },
        {
          "index_key": 1,
          "schema_version": 1,
          "attributes": {
            "arn": "arn:aws:ec2:us-east-2:905418464140:subnet/subnet-01fe038599ceaa0b5",
            "assign_ipv6_address_on_creation": false,
            "availability_zone": "us-east-2b",
            "availability_zone_id": "use2-az2",
            "cidr_block": "172.16.32.0/19",
            "customer_owned_ipv4_pool": "",
            "enable_dns64": false,
            "enable_lni_at_device_index": 0,
            "enable_resource_name_dns_a_record_on_launch": false,
            "enable_resource_name_dns_aaaa_record_on_launch": false,
            "id": "subnet-01fe038599ceaa0b5",
            "ipv6_cidr_block": "",
            "ipv6_cidr_block_association_id": "",
            "ipv6_native": false,
            "map_customer_owned_ip_on_launch": false,
            "map_public_ip_on_launch": false,
            "outpost_arn": "",
            "owner_id": "905418464140",
            "private_dns_hostname_type_on_launch": "ip-name",
            "tags": {
              "Environment": "dev",
              "Name": "vprofile-dev-vpc-public-us-east-2b",
              "Project": "vprofile",
              "Resource": "private-subnet",
              "Service": "vpc"
            },
            "tags_all": {
              "Environment": "dev",
              "Name": "vprofile-dev-vpc-public-us-east-2b",
              "Project": "vprofile",
              "Resource": "private-subnet",
              "Service": "vpc"
            },
            "timeouts": null,
            "vpc_id": "vpc-07fa381b225302f77"
          },
          "sensitive_attributes": [],
          "private": "eyJlMmJmYjczMC1lY2FhLTExZTYtOGY4OC0zNDM2M2JjN2M0YzAiOnsiY3JlYXRlIjo2MDAwMDAwMDAwMDAsImRlbGV0ZSI6MTIwMDAwMDAwMDAwMH0sInNjaGVtYV92ZXJzaW9uIjoiMSJ9",
          "dependencies": [
            "module.vpc.data.aws_availability_zones.this",
            "module.vpc.module.vpc.aws_vpc.this",
            "module.vpc.module.vpc.aws_vpc_ipv4_cidr_block_association.this"
          ]
        }
      ]
    },
    {
      "module": "module.vpc.module.vpc",
      "mode": "managed",
      "type": "aws_vpc",
      "name": "this",
      "provider": "provider[\"registry.terraform.io/hashicorp/aws\"]",
      "instances": [
        {
          "index_key": 0,
          "schema_version": 1,
          "attributes": {
            "arn": "arn:aws:ec2:us-east-2:905418464140:vpc/vpc-07fa381b225302f77",
            "assign_generated_ipv6_cidr_block": false,
            "cidr_block": "172.16.0.0/16",
            "default_network_acl_id": "acl-0acda58ea94a80040",
            "default_route_table_id": "rtb-0a696cff6c0a6987e",
            "default_security_group_id": "sg-07af463a98f5a242a",
            "dhcp_options_id": "dopt-00a74e0cc20e784d4",
            "enable_dns_hostnames": true,
            "enable_dns_support": true,
            "enable_network_address_usage_metrics": false,
            "id": "vpc-07fa381b225302f77",
            "instance_tenancy": "default",
            "ipv4_ipam_pool_id": null,
            "ipv4_netmask_length": null,
            "ipv6_association_id": "",
            "ipv6_cidr_block": "",
            "ipv6_cidr_block_network_border_group": "",
            "ipv6_ipam_pool_id": "",
            "ipv6_netmask_length": 0,
            "main_route_table_id": "rtb-0a696cff6c0a6987e",
            "owner_id": "905418464140",
            "tags": {
              "Name": "vprofile-dev-vpc"
            },
            "tags_all": {
              "Name": "vprofile-dev-vpc"
            }
          },
          "sensitive_attributes": [],
          "private": "eyJzY2hlbWFfdmVyc2lvbiI6IjEifQ=="
        }
      ]
    }
  ],
  "check_results": null
}
