{
  "version": 4,
  "terraform_version": "1.9.8",
  "serial": 815,
  "lineage": "744acf36-8d66-7ee4-2634-e4646a0acaf3",
  "outputs": {
    "db_endpoint": {
      "value": "project-env-rds.cve0sse0q62g.us-east-2.rds.amazonaws.com:3306",
      "type": "string"
    },
    "db_name": {
      "value": "accounts",
      "type": "string"
    },
    "db_password": {
      "value": "ws]9gmVp}rtf:NKkqn4V",
      "type": "string",
      "sensitive": true
    },
    "db_port": {
      "value": 3306,
      "type": "number"
    },
    "db_username": {
      "value": "admin",
      "type": "string",
      "sensitive": true
    },
    "iam_profile": {
      "value": "tmp",
      "type": "string"
    },
    "pkey": {
      "value": "ssh-pub-key",
      "type": "string"
    },
    "subnet_id": {
      "value": "subnet-0c17baf919deb9b24",
      "type": "string"
    }
  },
  "resources": [
    {
      "mode": "data",
      "type": "aws_iam_policy_document",
      "name": "this",
      "provider": "provider[\"registry.terraform.io/hashicorp/aws\"]",
      "instances": [
        {
          "schema_version": 0,
          "attributes": {
            "id": "2851119427",
            "json": "{\n  \"Version\": \"2012-10-17\",\n  \"Statement\": [\n    {\n      \"Effect\": \"Allow\",\n      \"Action\": \"sts:AssumeRole\",\n      \"Principal\": {\n        \"Service\": \"ec2.amazonaws.com\"\n      }\n    }\n  ]\n}",
            "minified_json": "{\"Version\":\"2012-10-17\",\"Statement\":[{\"Effect\":\"Allow\",\"Action\":\"sts:AssumeRole\",\"Principal\":{\"Service\":\"ec2.amazonaws.com\"}}]}",
            "override_json": null,
            "override_policy_documents": null,
            "policy_id": null,
            "source_json": null,
            "source_policy_documents": null,
            "statement": [
              {
                "actions": [
                  "sts:AssumeRole"
                ],
                "condition": [],
                "effect": "Allow",
                "not_actions": [],
                "not_principals": [],
                "not_resources": [],
                "principals": [
                  {
                    "identifiers": [
                      "ec2.amazonaws.com"
                    ],
                    "type": "Service"
                  }
                ],
                "resources": [],
                "sid": ""
              }
            ],
            "version": "2012-10-17"
          },
          "sensitive_attributes": []
        }
      ]
    },
    {
      "mode": "data",
      "type": "aws_subnets",
      "name": "this",
      "provider": "provider[\"registry.terraform.io/hashicorp/aws\"]",
      "instances": [
        {
          "schema_version": 0,
          "attributes": {
            "filter": [
              {
                "name": "vpc-id",
                "values": [
                  "vpc-041e5955419ca0eb3"
                ]
              }
            ],
            "id": "us-east-2",
            "ids": [
              "subnet-0c17baf919deb9b24",
              "subnet-0983de3752b8fa84c",
              "subnet-0651e7b1429e26579"
            ],
            "tags": null,
            "timeouts": null
          },
          "sensitive_attributes": []
        }
      ]
    },
    {
      "mode": "data",
      "type": "aws_vpc",
      "name": "this",
      "provider": "provider[\"registry.terraform.io/hashicorp/aws\"]",
      "instances": [
        {
          "schema_version": 0,
          "attributes": {
            "arn": "arn:aws:ec2:us-east-2:905418464140:vpc/vpc-041e5955419ca0eb3",
            "cidr_block": "172.31.0.0/16",
            "cidr_block_associations": [
              {
                "association_id": "vpc-cidr-assoc-0cb77378d56057d1a",
                "cidr_block": "172.31.0.0/16",
                "state": "associated"
              }
            ],
            "default": true,
            "dhcp_options_id": "dopt-00a74e0cc20e784d4",
            "enable_dns_hostnames": true,
            "enable_dns_support": true,
            "enable_network_address_usage_metrics": false,
            "filter": null,
            "id": "vpc-041e5955419ca0eb3",
            "instance_tenancy": "default",
            "ipv6_association_id": "",
            "ipv6_cidr_block": "",
            "main_route_table_id": "rtb-047feb893991f6cc0",
            "owner_id": "905418464140",
            "state": null,
            "tags": {},
            "timeouts": null
          },
          "sensitive_attributes": []
        }
      ]
    },
    {
      "mode": "managed",
      "type": "aws_default_vpc",
      "name": "this",
      "provider": "provider[\"registry.terraform.io/hashicorp/aws\"]",
      "instances": [
        {
          "schema_version": 1,
          "attributes": {
            "arn": "arn:aws:ec2:us-east-2:905418464140:vpc/vpc-041e5955419ca0eb3",
            "assign_generated_ipv6_cidr_block": false,
            "cidr_block": "172.31.0.0/16",
            "default_network_acl_id": "acl-08eb855b50555c853",
            "default_route_table_id": "rtb-047feb893991f6cc0",
            "default_security_group_id": "sg-05c524c01bbf195b9",
            "dhcp_options_id": "dopt-00a74e0cc20e784d4",
            "enable_dns_hostnames": true,
            "enable_dns_support": true,
            "enable_network_address_usage_metrics": false,
            "existing_default_vpc": true,
            "force_destroy": false,
            "id": "vpc-041e5955419ca0eb3",
            "instance_tenancy": "default",
            "ipv6_association_id": "",
            "ipv6_cidr_block": "",
            "ipv6_cidr_block_network_border_group": "",
            "ipv6_ipam_pool_id": "",
            "ipv6_netmask_length": 0,
            "main_route_table_id": "rtb-047feb893991f6cc0",
            "owner_id": "905418464140",
            "tags": null,
            "tags_all": {}
          },
          "sensitive_attributes": [],
          "private": "eyJzY2hlbWFfdmVyc2lvbiI6IjEifQ=="
        }
      ]
    },
    {
      "mode": "managed",
      "type": "aws_iam_instance_profile",
      "name": "this",
      "provider": "provider[\"registry.terraform.io/hashicorp/aws\"]",
      "instances": [
        {
          "schema_version": 0,
          "attributes": {
            "arn": "arn:aws:iam::905418464140:instance-profile/tmp",
            "create_date": "2024-11-12T12:54:51Z",
            "id": "tmp",
            "name": "tmp",
            "name_prefix": "",
            "path": "/",
            "role": "tmp",
            "tags": null,
            "tags_all": {},
            "unique_id": "AIPA5FTZFLOGKLFGUIQMR"
          },
          "sensitive_attributes": [],
          "private": "bnVsbA==",
          "dependencies": [
            "aws_iam_role.this",
            "data.aws_iam_policy_document.this"
          ]
        }
      ]
    },
    {
      "mode": "managed",
      "type": "aws_iam_role",
      "name": "this",
      "provider": "provider[\"registry.terraform.io/hashicorp/aws\"]",
      "instances": [
        {
          "schema_version": 0,
          "attributes": {
            "arn": "arn:aws:iam::905418464140:role/tmp",
            "assume_role_policy": "{\"Statement\":[{\"Action\":\"sts:AssumeRole\",\"Effect\":\"Allow\",\"Principal\":{\"Service\":\"ec2.amazonaws.com\"}}],\"Version\":\"2012-10-17\"}",
            "create_date": "2024-11-12T12:54:49Z",
            "description": "",
            "force_detach_policies": false,
            "id": "tmp",
            "inline_policy": [],
            "managed_policy_arns": [],
            "max_session_duration": 3600,
            "name": "tmp",
            "name_prefix": "",
            "path": "/",
            "permissions_boundary": "",
            "tags": null,
            "tags_all": {},
            "unique_id": "AROA5FTZFLOGN5PENEEN3"
          },
          "sensitive_attributes": [],
          "private": "bnVsbA==",
          "dependencies": [
            "data.aws_iam_policy_document.this"
          ]
        }
      ]
    },
    {
      "mode": "managed",
      "type": "aws_iam_role_policy_attachment",
      "name": "this",
      "provider": "provider[\"registry.terraform.io/hashicorp/aws\"]",
      "instances": [
        {
          "schema_version": 0,
          "attributes": {
            "id": "tmp-20241112125448610100000002",
            "policy_arn": "arn:aws:iam::aws:policy/AmazonRDSDataFullAccess",
            "role": "tmp"
          },
          "sensitive_attributes": [],
          "private": "bnVsbA==",
          "dependencies": [
            "aws_iam_role.this",
            "data.aws_iam_policy_document.this"
          ]
        }
      ]
    },
    {
      "mode": "managed",
      "type": "aws_key_pair",
      "name": "this",
      "provider": "provider[\"registry.terraform.io/hashicorp/aws\"]",
      "instances": [
        {
          "schema_version": 1,
          "attributes": {
            "arn": "arn:aws:ec2:us-east-2:905418464140:key-pair/ssh-pub-key",
            "fingerprint": "97:4b:44:6a:ab:4a:59:85:0f:59:1b:42:20:59:fc:1e",
            "id": "ssh-pub-key",
            "key_name": "ssh-pub-key",
            "key_name_prefix": "",
            "key_pair_id": "key-00f7fa68e6b154bdb",
            "key_type": "rsa",
            "public_key": "ssh-rsa AAAAB3NzaC1yc2EAAAADAQABAAABgQCU/QQh9PsHht69SX5Ad2PUHzkmP9o3s+ZEYlp4M4rKs4yktanG1v4OVaESH2vXao8fVqsVDyZpn8p1amarRGf7ZO8bDZ+lcQoOr5gAjEjPKsRoRt2Y5mKCeiDC1CCThGbtSvBD1Bcp9i08RvGtZxPhCkyHLh7MIMtb2VUPSQc2yxn2LTns21wC4YTZkyQqDaa50sB3FpVs+MhxN7QHhVh7jI4GIx8cXIgyA3Krh16IOwGHI4QYO4P5elwVW7aTU2mfJVZKyVXY1ZJQHCuFLD/X4MTUPBMXYArOjKGxm95oVA3R3bo9uOsRTiJAb0LPxlkMyT+1lm9X/a4qBlXY3JwMiwpyg3J05JoUOQqU8/inFggVMu4g/IOTMx3oQLmxw/FL37p+wsvrYpYJ72Tn/kUCTJj4BNmgIWlabqNNZ5eYUdJuIIBLJo5cueQM8oL2f4ddqYu2GKT5FWDVmPwb+HG/hLPXwzokNs8KEp34mkxUeYvMPAX7tcMb0Ug6C+nVv50= apipa@host",
            "tags": null,
            "tags_all": {}
          },
          "sensitive_attributes": [],
          "private": "eyJzY2hlbWFfdmVyc2lvbiI6IjEifQ=="
        }
      ]
    },
    {
      "module": "module.rds",
      "mode": "managed",
      "type": "aws_security_group",
      "name": "this",
      "provider": "provider[\"registry.terraform.io/hashicorp/aws\"]",
      "instances": [
        {
          "schema_version": 1,
          "attributes": {
            "arn": "arn:aws:ec2:us-east-2:905418464140:security-group/sg-08cde535b4db2f293",
            "description": "Allow connection to mysql db",
            "egress": [],
            "id": "sg-08cde535b4db2f293",
            "ingress": [],
            "name": "project-env-rds-sg",
            "name_prefix": "",
            "owner_id": "905418464140",
            "revoke_rules_on_delete": false,
            "tags": {
              "Resource": "security-group",
              "Service": "rds"
            },
            "tags_all": {
              "Resource": "security-group",
              "Service": "rds"
            },
            "timeouts": null,
            "vpc_id": "vpc-041e5955419ca0eb3"
          },
          "sensitive_attributes": [],
          "private": "eyJlMmJmYjczMC1lY2FhLTExZTYtOGY4OC0zNDM2M2JjN2M0YzAiOnsiY3JlYXRlIjo2MDAwMDAwMDAwMDAsImRlbGV0ZSI6OTAwMDAwMDAwMDAwfSwic2NoZW1hX3ZlcnNpb24iOiIxIn0=",
          "dependencies": [
            "data.aws_vpc.this"
          ]
        }
      ]
    },
    {
      "module": "module.rds",
      "mode": "managed",
      "type": "aws_vpc_security_group_egress_rule",
      "name": "this",
      "provider": "provider[\"registry.terraform.io/hashicorp/aws\"]",
      "instances": [
        {
          "schema_version": 0,
          "attributes": {
            "arn": "arn:aws:ec2:us-east-2:905418464140:security-group-rule/sgr-0ede65ffbd634f2ed",
            "cidr_ipv4": "0.0.0.0/0",
            "cidr_ipv6": null,
            "description": null,
            "from_port": null,
            "id": "sgr-0ede65ffbd634f2ed",
            "ip_protocol": "-1",
            "prefix_list_id": null,
            "referenced_security_group_id": null,
            "security_group_id": "sg-08cde535b4db2f293",
            "security_group_rule_id": "sgr-0ede65ffbd634f2ed",
            "tags": null,
            "tags_all": {},
            "to_port": null
          },
          "sensitive_attributes": [],
          "dependencies": [
            "data.aws_vpc.this",
            "module.rds.aws_security_group.this"
          ]
        }
      ]
    },
    {
      "module": "module.rds",
      "mode": "managed",
      "type": "aws_vpc_security_group_ingress_rule",
      "name": "this",
      "provider": "provider[\"registry.terraform.io/hashicorp/aws\"]",
      "instances": [
        {
          "schema_version": 0,
          "attributes": {
            "arn": "arn:aws:ec2:us-east-2:905418464140:security-group-rule/sgr-0a567fba660d54d55",
            "cidr_ipv4": "0.0.0.0/0",
            "cidr_ipv6": null,
            "description": "Allow inbound traffic to mysql db",
            "from_port": 3306,
            "id": "sgr-0a567fba660d54d55",
            "ip_protocol": "tcp",
            "prefix_list_id": null,
            "referenced_security_group_id": null,
            "security_group_id": "sg-08cde535b4db2f293",
            "security_group_rule_id": "sgr-0a567fba660d54d55",
            "tags": {
              "Resource": "sgi-rule",
              "Service": "rds"
            },
            "tags_all": {
              "Resource": "sgi-rule",
              "Service": "rds"
            },
            "to_port": 3306
          },
          "sensitive_attributes": [],
          "dependencies": [
            "data.aws_vpc.this",
            "module.rds.aws_security_group.this"
          ]
        }
      ]
    },
    {
      "module": "module.rds",
      "mode": "managed",
      "type": "random_password",
      "name": "this",
      "provider": "provider[\"registry.terraform.io/hashicorp/random\"]",
      "instances": [
        {
          "schema_version": 3,
          "attributes": {
            "bcrypt_hash": "$2a$10$LvtbQ8Ro2ZSz4MkP6ct/r.3cirqSR4LwxLAChxMK4OuAw6aRipUTe",
            "id": "none",
            "keepers": null,
            "length": 20,
            "lower": true,
            "min_lower": 0,
            "min_numeric": 0,
            "min_special": 0,
            "min_upper": 0,
            "number": true,
            "numeric": true,
            "override_special": null,
            "result": "ws]9gmVp}rtf:NKkqn4V",
            "special": true,
            "upper": true
          },
          "sensitive_attributes": [
            [
              {
                "type": "get_attr",
                "value": "bcrypt_hash"
              }
            ],
            [
              {
                "type": "get_attr",
                "value": "result"
              }
            ]
          ]
        }
      ]
    },
    {
      "module": "module.rds.module.rds.module.db_instance",
      "mode": "data",
      "type": "aws_iam_policy_document",
      "name": "enhanced_monitoring",
      "provider": "provider[\"registry.terraform.io/hashicorp/aws\"]",
      "instances": [
        {
          "schema_version": 0,
          "attributes": {
            "id": "76086537",
            "json": "{\n  \"Version\": \"2012-10-17\",\n  \"Statement\": [\n    {\n      \"Effect\": \"Allow\",\n      \"Action\": \"sts:AssumeRole\",\n      \"Principal\": {\n        \"Service\": \"monitoring.rds.amazonaws.com\"\n      }\n    }\n  ]\n}",
            "minified_json": "{\"Version\":\"2012-10-17\",\"Statement\":[{\"Effect\":\"Allow\",\"Action\":\"sts:AssumeRole\",\"Principal\":{\"Service\":\"monitoring.rds.amazonaws.com\"}}]}",
            "override_json": null,
            "override_policy_documents": null,
            "policy_id": null,
            "source_json": null,
            "source_policy_documents": null,
            "statement": [
              {
                "actions": [
                  "sts:AssumeRole"
                ],
                "condition": [],
                "effect": "Allow",
                "not_actions": [],
                "not_principals": [],
                "not_resources": [],
                "principals": [
                  {
                    "identifiers": [
                      "monitoring.rds.amazonaws.com"
                    ],
                    "type": "Service"
                  }
                ],
                "resources": [],
                "sid": ""
              }
            ],
            "version": "2012-10-17"
          },
          "sensitive_attributes": []
        }
      ]
    },
    {
      "module": "module.rds.module.rds.module.db_instance",
      "mode": "data",
      "type": "aws_partition",
      "name": "current",
      "provider": "provider[\"registry.terraform.io/hashicorp/aws\"]",
      "instances": [
        {
          "schema_version": 0,
          "attributes": {
            "dns_suffix": "amazonaws.com",
            "id": "aws",
            "partition": "aws",
            "reverse_dns_prefix": "com.amazonaws"
          },
          "sensitive_attributes": []
        }
      ]
    },
    {
      "module": "module.rds.module.rds.module.db_instance",
      "mode": "managed",
      "type": "aws_db_instance",
      "name": "this",
      "provider": "provider[\"registry.terraform.io/hashicorp/aws\"]",
      "instances": [
        {
          "index_key": 0,
          "schema_version": 2,
          "attributes": {
            "address": "project-env-rds.cve0sse0q62g.us-east-2.rds.amazonaws.com",
            "allocated_storage": 20,
            "allow_major_version_upgrade": false,
            "apply_immediately": false,
            "arn": "arn:aws:rds:us-east-2:905418464140:db:project-env-rds",
            "auto_minor_version_upgrade": true,
            "availability_zone": "us-east-2b",
            "backup_retention_period": 7,
            "backup_target": "region",
            "backup_window": "03:34-04:04",
            "blue_green_update": [],
            "ca_cert_identifier": "rds-ca-rsa2048-g1",
            "character_set_name": "",
            "copy_tags_to_snapshot": false,
            "custom_iam_instance_profile": "",
            "customer_owned_ip_enabled": false,
            "db_name": "accounts",
            "db_subnet_group_name": "project-env-rds-sub-grp-20241112125446566800000001",
            "dedicated_log_volume": false,
            "delete_automated_backups": true,
            "deletion_protection": false,
            "domain": "",
            "domain_auth_secret_arn": "",
            "domain_dns_ips": null,
            "domain_fqdn": "",
            "domain_iam_role_name": "",
            "domain_ou": "",
            "enabled_cloudwatch_logs_exports": null,
            "endpoint": "project-env-rds.cve0sse0q62g.us-east-2.rds.amazonaws.com:3306",
            "engine": "mysql",
            "engine_lifecycle_support": "open-source-rds-extended-support",
            "engine_version": "8.0.35",
            "engine_version_actual": "8.0.35",
            "final_snapshot_identifier": "final-project-env-rds-e93cb7fe",
            "hosted_zone_id": "Z2XHWR1WZ565X2",
            "iam_database_authentication_enabled": false,
            "id": "db-TOROD5FCPYGW74NPA5CIORIQWY",
            "identifier": "project-env-rds",
            "identifier_prefix": "",
            "instance_class": "db.t4g.micro",
            "iops": 0,
            "kms_key_id": "arn:aws:kms:us-east-2:905418464140:key/79754565-e8bd-43c8-88d4-ccd8fd9ac9ad",
            "latest_restorable_time": "2024-11-12T12:57:54Z",
            "license_model": "general-public-license",
            "listener_endpoint": [],
            "maintenance_window": "thu:05:08-thu:05:38",
            "manage_master_user_password": null,
            "master_user_secret": [],
            "master_user_secret_kms_key_id": null,
            "max_allocated_storage": 60,
            "monitoring_interval": 0,
            "monitoring_role_arn": "",
            "multi_az": false,
            "nchar_character_set_name": "",
            "network_type": "IPV4",
            "option_group_name": "default:mysql-8-0",
            "parameter_group_name": "default.mysql8.0",
            "password": "ws]9gmVp}rtf:NKkqn4V",
            "performance_insights_enabled": false,
            "performance_insights_kms_key_id": "",
            "performance_insights_retention_period": 0,
            "port": 3306,
            "publicly_accessible": false,
            "replica_mode": "",
            "replicas": [],
            "replicate_source_db": "",
            "resource_id": "db-TOROD5FCPYGW74NPA5CIORIQWY",
            "restore_to_point_in_time": [],
            "s3_import": [],
            "skip_final_snapshot": false,
            "snapshot_identifier": null,
            "status": "available",
            "storage_encrypted": true,
            "storage_throughput": 0,
            "storage_type": "gp2",
            "tags": {
              "Resource": "db",
              "Service": "rds"
            },
            "tags_all": {
              "Resource": "db",
              "Service": "rds"
            },
            "timeouts": {
              "create": null,
              "delete": null,
              "update": null
            },
            "timezone": "",
            "upgrade_storage_config": null,
            "username": "admin",
            "vpc_security_group_ids": [
              "sg-08cde535b4db2f293"
            ]
          },
          "sensitive_attributes": [
            [
              {
                "type": "get_attr",
                "value": "password"
              }
            ],
            [
              {
                "type": "get_attr",
                "value": "username"
              }
            ]
          ],
          "private": "eyJlMmJmYjczMC1lY2FhLTExZTYtOGY4OC0zNDM2M2JjN2M0YzAiOnsiY3JlYXRlIjoyNDAwMDAwMDAwMDAwLCJkZWxldGUiOjM2MDAwMDAwMDAwMDAsInVwZGF0ZSI6NDgwMDAwMDAwMDAwMH0sInNjaGVtYV92ZXJzaW9uIjoiMiJ9",
          "dependencies": [
            "data.aws_subnets.this",
            "data.aws_vpc.this",
            "module.rds.aws_security_group.this",
            "module.rds.module.rds.module.db_instance.aws_cloudwatch_log_group.this",
            "module.rds.module.rds.module.db_instance.aws_iam_role.enhanced_monitoring",
            "module.rds.module.rds.module.db_instance.data.aws_iam_policy_document.enhanced_monitoring",
            "module.rds.module.rds.module.db_instance.random_id.snapshot_identifier",
            "module.rds.module.rds.module.db_option_group.aws_db_option_group.this",
            "module.rds.module.rds.module.db_parameter_group.aws_db_parameter_group.this",
            "module.rds.module.rds.module.db_subnet_group.aws_db_subnet_group.this",
            "module.rds.random_password.this"
          ]
        }
      ]
    },
    {
      "module": "module.rds.module.rds.module.db_instance",
      "mode": "managed",
      "type": "random_id",
      "name": "snapshot_identifier",
      "provider": "provider[\"registry.terraform.io/hashicorp/random\"]",
      "instances": [
        {
          "index_key": 0,
          "schema_version": 0,
          "attributes": {
            "b64_std": "6Ty3/g==",
            "b64_url": "6Ty3_g",
            "byte_length": 4,
            "dec": "3913070590",
            "hex": "e93cb7fe",
            "id": "6Ty3_g",
            "keepers": {
              "id": "project-env-rds"
            },
            "prefix": null
          },
          "sensitive_attributes": []
        }
      ]
    },
    {
      "module": "module.rds.module.rds.module.db_subnet_group",
      "mode": "managed",
      "type": "aws_db_subnet_group",
      "name": "this",
      "provider": "provider[\"registry.terraform.io/hashicorp/aws\"]",
      "instances": [
        {
          "index_key": 0,
          "schema_version": 0,
          "attributes": {
            "arn": "arn:aws:rds:us-east-2:905418464140:subgrp:project-env-rds-sub-grp-20241112125446566800000001",
            "description": "The RDS subnet group for the project project",
            "id": "project-env-rds-sub-grp-20241112125446566800000001",
            "name": "project-env-rds-sub-grp-20241112125446566800000001",
            "name_prefix": "project-env-rds-sub-grp-",
            "subnet_ids": [
              "subnet-0651e7b1429e26579",
              "subnet-0983de3752b8fa84c",
              "subnet-0c17baf919deb9b24"
            ],
            "supported_network_types": [
              "IPV4"
            ],
            "tags": {
              "Name": "project-env-rds-sub-grp",
              "Resource": "subnet-group",
              "Service": "rds"
            },
            "tags_all": {
              "Name": "project-env-rds-sub-grp",
              "Resource": "subnet-group",
              "Service": "rds"
            },
            "vpc_id": "vpc-041e5955419ca0eb3"
          },
          "sensitive_attributes": [],
          "private": "bnVsbA==",
          "dependencies": [
            "data.aws_subnets.this",
            "data.aws_vpc.this"
          ]
        }
      ]
    }
  ],
  "check_results": null
}
